
Microsoft Visual Studio Solution File, Format Version 12.00
# Visual Studio Version 17
VisualStudioVersion = 17.11.35312.102
MinimumVisualStudioVersion = 10.0.40219.1
Project("{FAE04EC0-301F-11D3-BF4B-00C04F79EFBC}") = "TheLab", "TheLab.csproj", "{A81A6965-BE77-4D51-95FE-0E1994D26E5E}"
EndProject
Global
	GlobalSection(SolutionConfigurationPlatforms) = preSolution
		Debug|Any CPU = Debug|Any CPU
		Release|Any CPU = Release|Any CPU
	EndGlobalSection
	GlobalSection(ProjectConfigurationPlatforms) = postSolution
		{A81A6965-BE77-4D51-95FE-0E1994D26E5E}.Debug|Any CPU.ActiveCfg = Debug|Any CPU
		{A81A6965-BE77-4D51-95FE-0E1994D26E5E}.Debug|Any CPU.Build.0 = Debug|Any CPU
		{A81A6965-BE77-4D51-95FE-0E1994D26E5E}.Release|Any CPU.ActiveCfg = Release|Any CPU
		{A81A6965-BE77-4D51-95FE-0E1994D26E5E}.Release|Any CPU.Build.0 = Release|Any CPU
	EndGlobalSection
	GlobalSection(SolutionProperties) = preSolution
		HideSolutionNode = FALSE
	EndGlobalSection
	GlobalSection(ExtensibilityGlobals) = postSolution
		SolutionGuid = {0415550B-9B3D-4F94-9CB3-7209293071BF}
	EndGlobalSection
EndGlobal
